
Microsoft Visual Studio Solution File, Format Version 12.00
# Visual Studio Version 16
VisualStudioVersion = 16.0.30711.63
MinimumVisualStudioVersion = 10.0.40219.1
Project("{9A19103F-16F7-4668-BE54-9A1E7A4F7556}") = "CurrencyAPI", "CurrencyAPI\CurrencyAPI\CurrencyAPI.csproj", "{6880BE4D-756C-4F33-BCEB-0DF7B8CEB7CF}"
EndProject
Project("{9A19103F-16F7-4668-BE54-9A1E7A4F7556}") = "CustomerAPI", "CustomerAPI\CustomerAPI\CustomerAPI.csproj", "{E1C5FB79-2E3E-4163-929E-B43BAFA33AFA}"
EndProject
Project("{9A19103F-16F7-4668-BE54-9A1E7A4F7556}") = "NewsAPI", "NewsAPI\NewsAPI\NewsAPI.csproj", "{677C8C19-F6B7-452B-BF89-47ED459A03ED}"
EndProject
Project("{9A19103F-16F7-4668-BE54-9A1E7A4F7556}") = "StockAPI", "StockAPI\StockAPI\StockAPI.csproj", "{A5736923-4CE0-4A04-8B20-3A39C4398578}"
EndProject
Project("{9A19103F-16F7-4668-BE54-9A1E7A4F7556}") = "APIGatewayOcelot", "APIGatewayOcelot\APIGatewayOcelot\APIGatewayOcelot.csproj", "{054C7D3F-DFF4-41C7-8446-5CB0FDB57515}"
EndProject
Global
	GlobalSection(SolutionConfigurationPlatforms) = preSolution
		Debug|Any CPU = Debug|Any CPU
		Release|Any CPU = Release|Any CPU
	EndGlobalSection
	GlobalSection(ProjectConfigurationPlatforms) = postSolution
		{6880BE4D-756C-4F33-BCEB-0DF7B8CEB7CF}.Debug|Any CPU.ActiveCfg = Debug|Any CPU
		{6880BE4D-756C-4F33-BCEB-0DF7B8CEB7CF}.Debug|Any CPU.Build.0 = Debug|Any CPU
		{6880BE4D-756C-4F33-BCEB-0DF7B8CEB7CF}.Release|Any CPU.ActiveCfg = Release|Any CPU
		{6880BE4D-756C-4F33-BCEB-0DF7B8CEB7CF}.Release|Any CPU.Build.0 = Release|Any CPU
		{E1C5FB79-2E3E-4163-929E-B43BAFA33AFA}.Debug|Any CPU.ActiveCfg = Debug|Any CPU
		{E1C5FB79-2E3E-4163-929E-B43BAFA33AFA}.Debug|Any CPU.Build.0 = Debug|Any CPU
		{E1C5FB79-2E3E-4163-929E-B43BAFA33AFA}.Release|Any CPU.ActiveCfg = Release|Any CPU
		{E1C5FB79-2E3E-4163-929E-B43BAFA33AFA}.Release|Any CPU.Build.0 = Release|Any CPU
		{677C8C19-F6B7-452B-BF89-47ED459A03ED}.Debug|Any CPU.ActiveCfg = Debug|Any CPU
		{677C8C19-F6B7-452B-BF89-47ED459A03ED}.Debug|Any CPU.Build.0 = Debug|Any CPU
		{677C8C19-F6B7-452B-BF89-47ED459A03ED}.Release|Any CPU.ActiveCfg = Release|Any CPU
		{677C8C19-F6B7-452B-BF89-47ED459A03ED}.Release|Any CPU.Build.0 = Release|Any CPU
		{A5736923-4CE0-4A04-8B20-3A39C4398578}.Debug|Any CPU.ActiveCfg = Debug|Any CPU
		{A5736923-4CE0-4A04-8B20-3A39C4398578}.Debug|Any CPU.Build.0 = Debug|Any CPU
		{A5736923-4CE0-4A04-8B20-3A39C4398578}.Release|Any CPU.ActiveCfg = Release|Any CPU
		{A5736923-4CE0-4A04-8B20-3A39C4398578}.Release|Any CPU.Build.0 = Release|Any CPU
		{054C7D3F-DFF4-41C7-8446-5CB0FDB57515}.Debug|Any CPU.ActiveCfg = Debug|Any CPU
		{054C7D3F-DFF4-41C7-8446-5CB0FDB57515}.Debug|Any CPU.Build.0 = Debug|Any CPU
		{054C7D3F-DFF4-41C7-8446-5CB0FDB57515}.Release|Any CPU.ActiveCfg = Release|Any CPU
		{054C7D3F-DFF4-41C7-8446-5CB0FDB57515}.Release|Any CPU.Build.0 = Release|Any CPU
	EndGlobalSection
	GlobalSection(SolutionProperties) = preSolution
		HideSolutionNode = FALSE
	EndGlobalSection
	GlobalSection(ExtensibilityGlobals) = postSolution
		SolutionGuid = {B3F721CD-A47B-46A9-BD3A-E2371F9CF9F1}
	EndGlobalSection
EndGlobal
