
Microsoft Visual Studio Solution File, Format Version 12.00
# Visual Studio Version 16
VisualStudioVersion = 16.0.30711.63
MinimumVisualStudioVersion = 10.0.40219.1
Project("{FAE04EC0-301F-11D3-BF4B-00C04F79EFBC}") = "CustomerAPI", "CustomerAPI\CustomerAPI.csproj", "{57BFCDDD-ADDD-45EE-A864-99EEC2358A7E}"
EndProject
Global
	GlobalSection(SolutionConfigurationPlatforms) = preSolution
		Debug|Any CPU = Debug|Any CPU
		Release|Any CPU = Release|Any CPU
	EndGlobalSection
	GlobalSection(ProjectConfigurationPlatforms) = postSolution
		{57BFCDDD-ADDD-45EE-A864-99EEC2358A7E}.Debug|Any CPU.ActiveCfg = Debug|Any CPU
		{57BFCDDD-ADDD-45EE-A864-99EEC2358A7E}.Debug|Any CPU.Build.0 = Debug|Any CPU
		{57BFCDDD-ADDD-45EE-A864-99EEC2358A7E}.Release|Any CPU.ActiveCfg = Release|Any CPU
		{57BFCDDD-ADDD-45EE-A864-99EEC2358A7E}.Release|Any CPU.Build.0 = Release|Any CPU
	EndGlobalSection
	GlobalSection(SolutionProperties) = preSolution
		HideSolutionNode = FALSE
	EndGlobalSection
	GlobalSection(ExtensibilityGlobals) = postSolution
		SolutionGuid = {170861DA-304F-40FF-A391-78EAE9F9A018}
	EndGlobalSection
EndGlobal
